{
  "originHash" : "199e9bbdca2f8bd52dec8bc1a96202a4700c220b3f0e5c56d258b4b0f04f73cc",
  "pins" : [
    {
      "identity" : "swiftui_infrastructure",
      "kind" : "remoteSourceControl",
      "location" : "https://github.com/Jewelch/swiftui_infrastructure.git",
      "state" : {
        "branch" : "main",
        "revision" : "aac70fbfcfb4504976d4a1a99a77ffa25ca0b081"
      }
    }
  ],
  "version" : 3
}
